
Microsoft Visual Studio Solution File, Format Version 12.00
# Visual Studio Version 17
VisualStudioVersion = 17.6.33801.468
MinimumVisualStudioVersion = 10.0.40219.1
Project("{FAE04EC0-301F-11D3-BF4B-00C04F79EFBC}") = "HTTPLab", "HTTPLab\HTTPLab.csproj", "{42E30BDA-07FD-4325-AA11-C24BF1AF6B4B}"
EndProject
Global
	GlobalSection(SolutionConfigurationPlatforms) = preSolution
		Debug|Any CPU = Debug|Any CPU
		Release|Any CPU = Release|Any CPU
	EndGlobalSection
	GlobalSection(ProjectConfigurationPlatforms) = postSolution
		{42E30BDA-07FD-4325-AA11-C24BF1AF6B4B}.Debug|Any CPU.ActiveCfg = Debug|Any CPU
		{42E30BDA-07FD-4325-AA11-C24BF1AF6B4B}.Debug|Any CPU.Build.0 = Debug|Any CPU
		{42E30BDA-07FD-4325-AA11-C24BF1AF6B4B}.Release|Any CPU.ActiveCfg = Release|Any CPU
		{42E30BDA-07FD-4325-AA11-C24BF1AF6B4B}.Release|Any CPU.Build.0 = Release|Any CPU
	EndGlobalSection
	GlobalSection(SolutionProperties) = preSolution
		HideSolutionNode = FALSE
	EndGlobalSection
	GlobalSection(ExtensibilityGlobals) = postSolution
		SolutionGuid = {1F0FD38B-32F4-4080-AB7A-E748A84B4955}
	EndGlobalSection
EndGlobal
